
Microsoft Visual Studio Solution File, Format Version 11.00
# Visual Studio 2010
Project("{8BC9CEB8-8B4A-11D0-8D11-00A0C91BC942}") = "dragon", "dragon\dragon.vcxproj", "{501C472F-E7D3-4BEF-95A5-6223DB85E6E9}"
EndProject
Project("{8BC9CEB8-8B4A-11D0-8D11-00A0C91BC942}") = "ps_framework", "ps_framework\ps_framework.vcxproj", "{2BF273DA-FD53-4D12-8E0B-E2A4E01B0998}"
EndProject
Project("{8BC9CEB8-8B4A-11D0-8D11-00A0C91BC942}") = "ps_net", "ps_net\ps_net.vcxproj", "{8EBE1E60-6CB9-4348-8B54-5CAB0E77E297}"
EndProject
Global
	GlobalSection(SolutionConfigurationPlatforms) = preSolution
		Debug|Win32 = Debug|Win32
		Release|Win32 = Release|Win32
	EndGlobalSection
	GlobalSection(ProjectConfigurationPlatforms) = postSolution
		{501C472F-E7D3-4BEF-95A5-6223DB85E6E9}.Debug|Win32.ActiveCfg = Debug|Win32
		{501C472F-E7D3-4BEF-95A5-6223DB85E6E9}.Debug|Win32.Build.0 = Debug|Win32
		{501C472F-E7D3-4BEF-95A5-6223DB85E6E9}.Release|Win32.ActiveCfg = Release|Win32
		{501C472F-E7D3-4BEF-95A5-6223DB85E6E9}.Release|Win32.Build.0 = Release|Win32
		{2BF273DA-FD53-4D12-8E0B-E2A4E01B0998}.Debug|Win32.ActiveCfg = Debug|Win32
		{2BF273DA-FD53-4D12-8E0B-E2A4E01B0998}.Debug|Win32.Build.0 = Debug|Win32
		{2BF273DA-FD53-4D12-8E0B-E2A4E01B0998}.Release|Win32.ActiveCfg = Release|Win32
		{2BF273DA-FD53-4D12-8E0B-E2A4E01B0998}.Release|Win32.Build.0 = Release|Win32
		{8EBE1E60-6CB9-4348-8B54-5CAB0E77E297}.Debug|Win32.ActiveCfg = Debug|Win32
		{8EBE1E60-6CB9-4348-8B54-5CAB0E77E297}.Debug|Win32.Build.0 = Debug|Win32
		{8EBE1E60-6CB9-4348-8B54-5CAB0E77E297}.Release|Win32.ActiveCfg = Release|Win32
		{8EBE1E60-6CB9-4348-8B54-5CAB0E77E297}.Release|Win32.Build.0 = Release|Win32
	EndGlobalSection
	GlobalSection(SolutionProperties) = preSolution
		HideSolutionNode = FALSE
	EndGlobalSection
EndGlobal
